
Microsoft Visual Studio Solution File, Format Version 12.00
# Visual Studio Version 16
VisualStudioVersion = 16.0.31729.503
MinimumVisualStudioVersion = 10.0.40219.1
Project("{F184B08F-C81C-45F6-A57F-5ABD9991F28F}") = "Practica 8 Menús, toolbars y MDI", "Practica 8 Menús, toolbars y MDI\Practica 8 Menús, toolbars y MDI.vbproj", "{47D15124-9B6F-4687-88AC-C5EDA9882DFA}"
EndProject
Global
	GlobalSection(SolutionConfigurationPlatforms) = preSolution
		Debug|Any CPU = Debug|Any CPU
		Release|Any CPU = Release|Any CPU
	EndGlobalSection
	GlobalSection(ProjectConfigurationPlatforms) = postSolution
		{47D15124-9B6F-4687-88AC-C5EDA9882DFA}.Debug|Any CPU.ActiveCfg = Debug|Any CPU
		{47D15124-9B6F-4687-88AC-C5EDA9882DFA}.Debug|Any CPU.Build.0 = Debug|Any CPU
		{47D15124-9B6F-4687-88AC-C5EDA9882DFA}.Release|Any CPU.ActiveCfg = Release|Any CPU
		{47D15124-9B6F-4687-88AC-C5EDA9882DFA}.Release|Any CPU.Build.0 = Release|Any CPU
	EndGlobalSection
	GlobalSection(SolutionProperties) = preSolution
		HideSolutionNode = FALSE
	EndGlobalSection
	GlobalSection(ExtensibilityGlobals) = postSolution
		SolutionGuid = {07C3DEDA-F556-4109-B916-6BD6F2072481}
	EndGlobalSection
EndGlobal
