
Microsoft Visual Studio Solution File, Format Version 12.00
# Visual Studio Version 16
VisualStudioVersion = 16.0.31702.278
MinimumVisualStudioVersion = 10.0.40219.1
Project("{F184B08F-C81C-45F6-A57F-5ABD9991F28F}") = "Ejercicio - Font", "Ejercicio - Font\Ejercicio - Font.vbproj", "{8A034FB8-107F-47A4-A328-E105B8D7A847}"
EndProject
Global
	GlobalSection(SolutionConfigurationPlatforms) = preSolution
		Debug|Any CPU = Debug|Any CPU
		Release|Any CPU = Release|Any CPU
	EndGlobalSection
	GlobalSection(ProjectConfigurationPlatforms) = postSolution
		{8A034FB8-107F-47A4-A328-E105B8D7A847}.Debug|Any CPU.ActiveCfg = Debug|Any CPU
		{8A034FB8-107F-47A4-A328-E105B8D7A847}.Debug|Any CPU.Build.0 = Debug|Any CPU
		{8A034FB8-107F-47A4-A328-E105B8D7A847}.Release|Any CPU.ActiveCfg = Release|Any CPU
		{8A034FB8-107F-47A4-A328-E105B8D7A847}.Release|Any CPU.Build.0 = Release|Any CPU
	EndGlobalSection
	GlobalSection(SolutionProperties) = preSolution
		HideSolutionNode = FALSE
	EndGlobalSection
	GlobalSection(ExtensibilityGlobals) = postSolution
		SolutionGuid = {F3897EC8-05D0-47E1-939C-3BED9CE5175B}
	EndGlobalSection
EndGlobal
